
Microsoft Visual Studio Solution File, Format Version 12.00
# Visual Studio Version 17
VisualStudioVersion = 17.1.32210.238
MinimumVisualStudioVersion = 10.0.40219.1
Project("{9A19103F-16F7-4668-BE54-9A1E7A4F7556}") = "APIGatewayDemo", "APIGatewayDemo\APIGatewayDemo.csproj", "{DBD8DEB0-F24D-4DB5-91C6-82D6157EBB9D}"
EndProject
Project("{9A19103F-16F7-4668-BE54-9A1E7A4F7556}") = "CustomersAPIServices", "CustomersAPIServices\CustomersAPIServices.csproj", "{CE94709C-8229-435A-B5EC-4E7279353FB3}"
EndProject
Project("{9A19103F-16F7-4668-BE54-9A1E7A4F7556}") = "TransactionAPIServices", "ProductsAPIServices\TransactionAPIServices.csproj", "{7DD35BAB-CD1C-4FC8-9F9E-C4ABB98A123C}"
EndProject
Project("{9A19103F-16F7-4668-BE54-9A1E7A4F7556}") = "Login_JWT", "Login_JWT\Login_JWT.csproj", "{25478DFD-05C2-4A30-93B8-404A21D8D94F}"
EndProject
Project("{9A19103F-16F7-4668-BE54-9A1E7A4F7556}") = "Common.Utility", "Common.Utility\Common.Utility.csproj", "{10CD6EAD-2022-45C4-A6B2-DDADE7AA4EC9}"
EndProject
Project("{FAE04EC0-301F-11D3-BF4B-00C04F79EFBC}") = "Common.DataLayer", "Common.DataLayer\Common.DataLayer.csproj", "{F6649BA8-4DF9-4A55-8758-C36AFC03CDC4}"
EndProject
Global
	GlobalSection(SolutionConfigurationPlatforms) = preSolution
		Debug|Any CPU = Debug|Any CPU
		Release|Any CPU = Release|Any CPU
	EndGlobalSection
	GlobalSection(ProjectConfigurationPlatforms) = postSolution
		{DBD8DEB0-F24D-4DB5-91C6-82D6157EBB9D}.Debug|Any CPU.ActiveCfg = Debug|Any CPU
		{DBD8DEB0-F24D-4DB5-91C6-82D6157EBB9D}.Debug|Any CPU.Build.0 = Debug|Any CPU
		{DBD8DEB0-F24D-4DB5-91C6-82D6157EBB9D}.Release|Any CPU.ActiveCfg = Release|Any CPU
		{DBD8DEB0-F24D-4DB5-91C6-82D6157EBB9D}.Release|Any CPU.Build.0 = Release|Any CPU
		{CE94709C-8229-435A-B5EC-4E7279353FB3}.Debug|Any CPU.ActiveCfg = Debug|Any CPU
		{CE94709C-8229-435A-B5EC-4E7279353FB3}.Debug|Any CPU.Build.0 = Debug|Any CPU
		{CE94709C-8229-435A-B5EC-4E7279353FB3}.Release|Any CPU.ActiveCfg = Release|Any CPU
		{CE94709C-8229-435A-B5EC-4E7279353FB3}.Release|Any CPU.Build.0 = Release|Any CPU
		{7DD35BAB-CD1C-4FC8-9F9E-C4ABB98A123C}.Debug|Any CPU.ActiveCfg = Debug|Any CPU
		{7DD35BAB-CD1C-4FC8-9F9E-C4ABB98A123C}.Debug|Any CPU.Build.0 = Debug|Any CPU
		{7DD35BAB-CD1C-4FC8-9F9E-C4ABB98A123C}.Release|Any CPU.ActiveCfg = Release|Any CPU
		{7DD35BAB-CD1C-4FC8-9F9E-C4ABB98A123C}.Release|Any CPU.Build.0 = Release|Any CPU
		{25478DFD-05C2-4A30-93B8-404A21D8D94F}.Debug|Any CPU.ActiveCfg = Debug|Any CPU
		{25478DFD-05C2-4A30-93B8-404A21D8D94F}.Debug|Any CPU.Build.0 = Debug|Any CPU
		{25478DFD-05C2-4A30-93B8-404A21D8D94F}.Release|Any CPU.ActiveCfg = Release|Any CPU
		{25478DFD-05C2-4A30-93B8-404A21D8D94F}.Release|Any CPU.Build.0 = Release|Any CPU
		{10CD6EAD-2022-45C4-A6B2-DDADE7AA4EC9}.Debug|Any CPU.ActiveCfg = Debug|Any CPU
		{10CD6EAD-2022-45C4-A6B2-DDADE7AA4EC9}.Debug|Any CPU.Build.0 = Debug|Any CPU
		{10CD6EAD-2022-45C4-A6B2-DDADE7AA4EC9}.Release|Any CPU.ActiveCfg = Release|Any CPU
		{10CD6EAD-2022-45C4-A6B2-DDADE7AA4EC9}.Release|Any CPU.Build.0 = Release|Any CPU
		{F6649BA8-4DF9-4A55-8758-C36AFC03CDC4}.Debug|Any CPU.ActiveCfg = Debug|Any CPU
		{F6649BA8-4DF9-4A55-8758-C36AFC03CDC4}.Debug|Any CPU.Build.0 = Debug|Any CPU
		{F6649BA8-4DF9-4A55-8758-C36AFC03CDC4}.Release|Any CPU.ActiveCfg = Release|Any CPU
		{F6649BA8-4DF9-4A55-8758-C36AFC03CDC4}.Release|Any CPU.Build.0 = Release|Any CPU
	EndGlobalSection
	GlobalSection(SolutionProperties) = preSolution
		HideSolutionNode = FALSE
	EndGlobalSection
	GlobalSection(ExtensibilityGlobals) = postSolution
		SolutionGuid = {AF2717E1-36F7-45F2-8190-223F9F34302B}
	EndGlobalSection
EndGlobal
